Microsoft Visual Studio Solution File, Format Version 12.00
# Visual Studio 14
VisualStudioVersion = 14.0.23107.0
MinimumVisualStudioVersion = 10.0.40219.1
Project("{F2A71F9B-5D33-465A-A702-920D77279786}") = "Endorphin.Instrument.PicoScope5000", "Endorphin.Instrument.PicoScope5000\Endorphin.Instrument.PicoScope5000.fsproj", "{B1B7A7F3-66B2-48E4-9F37-B1D2D9903904}"
EndProject
Project("{F2A71F9B-5D33-465A-A702-920D77279786}") = "Endorphin.Instrument.TwickenhamSmc", "Endorphin.Instrument.TwickenhamSmc\Endorphin.Instrument.TwickenhamSmc.fsproj", "{DF0B9412-54F1-44B6-ABA7-6D8CE5DB24C1}"
EndProject
Project("{F2A71F9B-5D33-465A-A702-920D77279786}") = "Endorphin.Core", "Endorphin.Core\Endorphin.Core.fsproj", "{B1887520-0F25-4FF4-958E-12B964DF20F9}"
EndProject
Project("{F2A71F9B-5D33-465A-A702-920D77279786}") = "Endorphin.Instrument.KeysightRfSource", "Endorphin.Instrument.KeysightRfSource\Endorphin.Instrument.KeysightRfSource.fsproj", "{AF4768C9-1581-4950-A053-2ECCD0A9E3A8}"
EndProject
Project("{2150E333-8FDC-42A3-9474-1A3956D46DE8}") = "Solution Items", "Solution Items", "{F43E456E-DBEA-41B5-8230-D3B4F17AEE23}"
	ProjectSection(SolutionItems) = preProject
		ApplyLicense.fsx = ApplyLicense.fsx
		LICENSE.txt = LICENSE.txt
	EndProjectSection
EndProject
Project("{F2A71F9B-5D33-465A-A702-920D77279786}") = "Endorphin.Instrument.LakeShoreTempController", "Endorphin.Instrument.LakeShoreTempController\Endorphin.Instrument.LakeShoreTempController.fsproj", "{958F39D3-7489-4B57-994B-9A4E861B0AA8}"
EndProject
Project("{F2A71F9B-5D33-465A-A702-920D77279786}") = "Endorphin.Instrument.PicoScope3000", "Endorphin.Instrument.PicoScope3000\Endorphin.Instrument.PicoScope3000.fsproj", "{603FCD0A-8AD4-42B7-8954-63196031C311}"
	ProjectSection(ProjectDependencies) = postProject
		{B1887520-0F25-4FF4-958E-12B964DF20F9} = {B1887520-0F25-4FF4-958E-12B964DF20F9}
	EndProjectSection
EndProject
Project("{F2A71F9B-5D33-465A-A702-920D77279786}") = "Endorphin.Instrument.FastScanningController", "Endorphin.Instrument.FastScanningController\Endorphin.Instrument.FastScanningController.fsproj", "{F66F1004-D2F3-4895-9EAB-5D0E8B904B2D}"
EndProject
Project("{F2A71F9B-5D33-465A-A702-920D77279786}") = "Endorphin.Utilities.Position", "Endorphin.Utilities.Position\Endorphin.Utilities.Position.fsproj", "{7B4E58C2-4351-4969-80E2-60ABFE773BAF}"
EndProject
Project("{F2A71F9B-5D33-465A-A702-920D77279786}") = "Endorphin.Experiment.HighFieldEpr", "Endorphin.Experiment.HighFieldEpr\Endorphin.Experiment.HighFieldEpr.fsproj", "{2250C03C-40BA-4592-B424-28E7D7A2C79A}"
EndProject
Project("{F2A71F9B-5D33-465A-A702-920D77279786}") = "Endorphin.Instrument.HMC804x", "Endorphin.Instrument.HMC804x\Endorphin.Instrument.HMC804x.fsproj", "{A22A101A-B419-4839-BF08-5453978DE6EE}"
EndProject
Global
	GlobalSection(SolutionConfigurationPlatforms) = preSolution
		Debug|Any CPU = Debug|Any CPU
		Debug|Mixed Platforms = Debug|Mixed Platforms
		Debug|Win32 = Debug|Win32
		Release|Any CPU = Release|Any CPU
		Release|Mixed Platforms = Release|Mixed Platforms
		Release|Win32 = Release|Win32
	EndGlobalSection
	GlobalSection(ProjectConfigurationPlatforms) = postSolution
		{B1B7A7F3-66B2-48E4-9F37-B1D2D9903904}.Debug|Any CPU.ActiveCfg = Debug|Any CPU
		{B1B7A7F3-66B2-48E4-9F37-B1D2D9903904}.Debug|Any CPU.Build.0 = Debug|Any CPU
		{B1B7A7F3-66B2-48E4-9F37-B1D2D9903904}.Debug|Mixed Platforms.ActiveCfg = Debug|Any CPU
		{B1B7A7F3-66B2-48E4-9F37-B1D2D9903904}.Debug|Mixed Platforms.Build.0 = Debug|Any CPU
		{B1B7A7F3-66B2-48E4-9F37-B1D2D9903904}.Debug|Win32.ActiveCfg = Debug|Any CPU
		{B1B7A7F3-66B2-48E4-9F37-B1D2D9903904}.Release|Any CPU.ActiveCfg = Release|Any CPU
		{B1B7A7F3-66B2-48E4-9F37-B1D2D9903904}.Release|Any CPU.Build.0 = Release|Any CPU
		{B1B7A7F3-66B2-48E4-9F37-B1D2D9903904}.Release|Mixed Platforms.ActiveCfg = Release|Any CPU
		{B1B7A7F3-66B2-48E4-9F37-B1D2D9903904}.Release|Mixed Platforms.Build.0 = Release|Any CPU
		{B1B7A7F3-66B2-48E4-9F37-B1D2D9903904}.Release|Win32.ActiveCfg = Release|Any CPU
		{DF0B9412-54F1-44B6-ABA7-6D8CE5DB24C1}.Debug|Any CPU.ActiveCfg = Debug|Any CPU
		{DF0B9412-54F1-44B6-ABA7-6D8CE5DB24C1}.Debug|Any CPU.Build.0 = Debug|Any CPU
		{DF0B9412-54F1-44B6-ABA7-6D8CE5DB24C1}.Debug|Mixed Platforms.ActiveCfg = Debug|Any CPU
		{DF0B9412-54F1-44B6-ABA7-6D8CE5DB24C1}.Debug|Mixed Platforms.Build.0 = Debug|Any CPU
		{DF0B9412-54F1-44B6-ABA7-6D8CE5DB24C1}.Debug|Win32.ActiveCfg = Debug|Any CPU
		{DF0B9412-54F1-44B6-ABA7-6D8CE5DB24C1}.Release|Any CPU.ActiveCfg = Release|Any CPU
		{DF0B9412-54F1-44B6-ABA7-6D8CE5DB24C1}.Release|Any CPU.Build.0 = Release|Any CPU
		{DF0B9412-54F1-44B6-ABA7-6D8CE5DB24C1}.Release|Mixed Platforms.ActiveCfg = Release|Any CPU
		{DF0B9412-54F1-44B6-ABA7-6D8CE5DB24C1}.Release|Mixed Platforms.Build.0 = Release|Any CPU
		{DF0B9412-54F1-44B6-ABA7-6D8CE5DB24C1}.Release|Win32.ActiveCfg = Release|Any CPU
		{B1887520-0F25-4FF4-958E-12B964DF20F9}.Debug|Any CPU.ActiveCfg = Debug|Any CPU
		{B1887520-0F25-4FF4-958E-12B964DF20F9}.Debug|Any CPU.Build.0 = Debug|Any CPU
		{B1887520-0F25-4FF4-958E-12B964DF20F9}.Debug|Mixed Platforms.ActiveCfg = Debug|Any CPU
		{B1887520-0F25-4FF4-958E-12B964DF20F9}.Debug|Mixed Platforms.Build.0 = Debug|Any CPU
		{B1887520-0F25-4FF4-958E-12B964DF20F9}.Debug|Win32.ActiveCfg = Debug|Any CPU
		{B1887520-0F25-4FF4-958E-12B964DF20F9}.Release|Any CPU.ActiveCfg = Release|Any CPU
		{B1887520-0F25-4FF4-958E-12B964DF20F9}.Release|Any CPU.Build.0 = Release|Any CPU
		{B1887520-0F25-4FF4-958E-12B964DF20F9}.Release|Mixed Platforms.ActiveCfg = Release|Any CPU
		{B1887520-0F25-4FF4-958E-12B964DF20F9}.Release|Mixed Platforms.Build.0 = Release|Any CPU
		{B1887520-0F25-4FF4-958E-12B964DF20F9}.Release|Win32.ActiveCfg = Release|Any CPU
		{AF4768C9-1581-4950-A053-2ECCD0A9E3A8}.Debug|Any CPU.ActiveCfg = Debug|Any CPU
		{AF4768C9-1581-4950-A053-2ECCD0A9E3A8}.Debug|Any CPU.Build.0 = Debug|Any CPU
		{AF4768C9-1581-4950-A053-2ECCD0A9E3A8}.Debug|Mixed Platforms.ActiveCfg = Debug|Any CPU
		{AF4768C9-1581-4950-A053-2ECCD0A9E3A8}.Debug|Mixed Platforms.Build.0 = Debug|Any CPU
		{AF4768C9-1581-4950-A053-2ECCD0A9E3A8}.Debug|Win32.ActiveCfg = Debug|Any CPU
		{AF4768C9-1581-4950-A053-2ECCD0A9E3A8}.Release|Any CPU.ActiveCfg = Release|Any CPU
		{AF4768C9-1581-4950-A053-2ECCD0A9E3A8}.Release|Any CPU.Build.0 = Release|Any CPU
		{AF4768C9-1581-4950-A053-2ECCD0A9E3A8}.Release|Mixed Platforms.ActiveCfg = Release|Any CPU
		{AF4768C9-1581-4950-A053-2ECCD0A9E3A8}.Release|Mixed Platforms.Build.0 = Release|Any CPU
		{AF4768C9-1581-4950-A053-2ECCD0A9E3A8}.Release|Win32.ActiveCfg = Release|Any CPU
		{958F39D3-7489-4B57-994B-9A4E861B0AA8}.Debug|Any CPU.ActiveCfg = Debug|Any CPU
		{958F39D3-7489-4B57-994B-9A4E861B0AA8}.Debug|Any CPU.Build.0 = Debug|Any CPU
		{958F39D3-7489-4B57-994B-9A4E861B0AA8}.Debug|Mixed Platforms.ActiveCfg = Debug|Any CPU
		{958F39D3-7489-4B57-994B-9A4E861B0AA8}.Debug|Mixed Platforms.Build.0 = Debug|Any CPU
		{958F39D3-7489-4B57-994B-9A4E861B0AA8}.Debug|Win32.ActiveCfg = Debug|Any CPU
		{958F39D3-7489-4B57-994B-9A4E861B0AA8}.Debug|Win32.Build.0 = Debug|Any CPU
		{958F39D3-7489-4B57-994B-9A4E861B0AA8}.Release|Any CPU.ActiveCfg = Release|Any CPU
		{958F39D3-7489-4B57-994B-9A4E861B0AA8}.Release|Any CPU.Build.0 = Release|Any CPU
		{958F39D3-7489-4B57-994B-9A4E861B0AA8}.Release|Mixed Platforms.ActiveCfg = Release|Any CPU
		{958F39D3-7489-4B57-994B-9A4E861B0AA8}.Release|Mixed Platforms.Build.0 = Release|Any CPU
		{958F39D3-7489-4B57-994B-9A4E861B0AA8}.Release|Win32.ActiveCfg = Release|Any CPU
		{958F39D3-7489-4B57-994B-9A4E861B0AA8}.Release|Win32.Build.0 = Release|Any CPU
		{603FCD0A-8AD4-42B7-8954-63196031C311}.Debug|Any CPU.ActiveCfg = Debug|Any CPU
		{603FCD0A-8AD4-42B7-8954-63196031C311}.Debug|Any CPU.Build.0 = Debug|Any CPU
		{603FCD0A-8AD4-42B7-8954-63196031C311}.Debug|Mixed Platforms.ActiveCfg = Debug|Any CPU
		{603FCD0A-8AD4-42B7-8954-63196031C311}.Debug|Mixed Platforms.Build.0 = Debug|Any CPU
		{603FCD0A-8AD4-42B7-8954-63196031C311}.Debug|Win32.ActiveCfg = Debug|Any CPU
		{603FCD0A-8AD4-42B7-8954-63196031C311}.Debug|Win32.Build.0 = Debug|Any CPU
		{603FCD0A-8AD4-42B7-8954-63196031C311}.Release|Any CPU.ActiveCfg = Release|Any CPU
		{603FCD0A-8AD4-42B7-8954-63196031C311}.Release|Any CPU.Build.0 = Release|Any CPU
		{603FCD0A-8AD4-42B7-8954-63196031C311}.Release|Mixed Platforms.ActiveCfg = Release|Any CPU
		{603FCD0A-8AD4-42B7-8954-63196031C311}.Release|Mixed Platforms.Build.0 = Release|Any CPU
		{603FCD0A-8AD4-42B7-8954-63196031C311}.Release|Win32.ActiveCfg = Release|Any CPU
		{603FCD0A-8AD4-42B7-8954-63196031C311}.Release|Win32.Build.0 = Release|Any CPU
		{F66F1004-D2F3-4895-9EAB-5D0E8B904B2D}.Debug|Any CPU.ActiveCfg = Debug|Any CPU
		{F66F1004-D2F3-4895-9EAB-5D0E8B904B2D}.Debug|Any CPU.Build.0 = Debug|Any CPU
		{F66F1004-D2F3-4895-9EAB-5D0E8B904B2D}.Debug|Mixed Platforms.ActiveCfg = Debug|Any CPU
		{F66F1004-D2F3-4895-9EAB-5D0E8B904B2D}.Debug|Mixed Platforms.Build.0 = Debug|Any CPU
		{F66F1004-D2F3-4895-9EAB-5D0E8B904B2D}.Debug|Win32.ActiveCfg = Debug|Any CPU
		{F66F1004-D2F3-4895-9EAB-5D0E8B904B2D}.Debug|Win32.Build.0 = Debug|Any CPU
		{F66F1004-D2F3-4895-9EAB-5D0E8B904B2D}.Release|Any CPU.ActiveCfg = Release|Any CPU
		{F66F1004-D2F3-4895-9EAB-5D0E8B904B2D}.Release|Any CPU.Build.0 = Release|Any CPU
		{F66F1004-D2F3-4895-9EAB-5D0E8B904B2D}.Release|Mixed Platforms.ActiveCfg = Release|Any CPU
		{F66F1004-D2F3-4895-9EAB-5D0E8B904B2D}.Release|Mixed Platforms.Build.0 = Release|Any CPU
		{F66F1004-D2F3-4895-9EAB-5D0E8B904B2D}.Release|Win32.ActiveCfg = Release|Any CPU
		{F66F1004-D2F3-4895-9EAB-5D0E8B904B2D}.Release|Win32.Build.0 = Release|Any CPU
		{7B4E58C2-4351-4969-80E2-60ABFE773BAF}.Debug|Any CPU.ActiveCfg = Debug|Any CPU
		{7B4E58C2-4351-4969-80E2-60ABFE773BAF}.Debug|Any CPU.Build.0 = Debug|Any CPU
		{7B4E58C2-4351-4969-80E2-60ABFE773BAF}.Debug|Mixed Platforms.ActiveCfg = Debug|Any CPU
		{7B4E58C2-4351-4969-80E2-60ABFE773BAF}.Debug|Mixed Platforms.Build.0 = Debug|Any CPU
		{7B4E58C2-4351-4969-80E2-60ABFE773BAF}.Debug|Win32.ActiveCfg = Debug|Any CPU
		{7B4E58C2-4351-4969-80E2-60ABFE773BAF}.Debug|Win32.Build.0 = Debug|Any CPU
		{7B4E58C2-4351-4969-80E2-60ABFE773BAF}.Release|Any CPU.ActiveCfg = Release|Any CPU
		{7B4E58C2-4351-4969-80E2-60ABFE773BAF}.Release|Any CPU.Build.0 = Release|Any CPU
		{7B4E58C2-4351-4969-80E2-60ABFE773BAF}.Release|Mixed Platforms.ActiveCfg = Release|Any CPU
		{7B4E58C2-4351-4969-80E2-60ABFE773BAF}.Release|Mixed Platforms.Build.0 = Release|Any CPU
		{7B4E58C2-4351-4969-80E2-60ABFE773BAF}.Release|Win32.ActiveCfg = Release|Any CPU
		{7B4E58C2-4351-4969-80E2-60ABFE773BAF}.Release|Win32.Build.0 = Release|Any CPU
		{2250C03C-40BA-4592-B424-28E7D7A2C79A}.Debug|Any CPU.ActiveCfg = Debug|Any CPU
		{2250C03C-40BA-4592-B424-28E7D7A2C79A}.Debug|Any CPU.Build.0 = Debug|Any CPU
		{2250C03C-40BA-4592-B424-28E7D7A2C79A}.Debug|Mixed Platforms.ActiveCfg = Debug|Any CPU
		{2250C03C-40BA-4592-B424-28E7D7A2C79A}.Debug|Mixed Platforms.Build.0 = Debug|Any CPU
		{2250C03C-40BA-4592-B424-28E7D7A2C79A}.Debug|Win32.ActiveCfg = Debug|Any CPU
		{2250C03C-40BA-4592-B424-28E7D7A2C79A}.Debug|Win32.Build.0 = Debug|Any CPU
		{2250C03C-40BA-4592-B424-28E7D7A2C79A}.Release|Any CPU.ActiveCfg = Release|Any CPU
		{2250C03C-40BA-4592-B424-28E7D7A2C79A}.Release|Any CPU.Build.0 = Release|Any CPU
		{2250C03C-40BA-4592-B424-28E7D7A2C79A}.Release|Mixed Platforms.ActiveCfg = Release|Any CPU
		{2250C03C-40BA-4592-B424-28E7D7A2C79A}.Release|Mixed Platforms.Build.0 = Release|Any CPU
		{2250C03C-40BA-4592-B424-28E7D7A2C79A}.Release|Win32.ActiveCfg = Release|Any CPU
		{2250C03C-40BA-4592-B424-28E7D7A2C79A}.Release|Win32.Build.0 = Release|Any CPU
		{A22A101A-B419-4839-BF08-5453978DE6EE}.Debug|Any CPU.ActiveCfg = Debug|Any CPU
		{A22A101A-B419-4839-BF08-5453978DE6EE}.Debug|Any CPU.Build.0 = Debug|Any CPU
		{A22A101A-B419-4839-BF08-5453978DE6EE}.Debug|Mixed Platforms.ActiveCfg = Debug|Any CPU
		{A22A101A-B419-4839-BF08-5453978DE6EE}.Debug|Mixed Platforms.Build.0 = Debug|Any CPU
		{A22A101A-B419-4839-BF08-5453978DE6EE}.Debug|Win32.ActiveCfg = Debug|Any CPU
		{A22A101A-B419-4839-BF08-5453978DE6EE}.Debug|Win32.Build.0 = Debug|Any CPU
		{A22A101A-B419-4839-BF08-5453978DE6EE}.Release|Any CPU.ActiveCfg = Release|Any CPU
		{A22A101A-B419-4839-BF08-5453978DE6EE}.Release|Any CPU.Build.0 = Release|Any CPU
		{A22A101A-B419-4839-BF08-5453978DE6EE}.Release|Mixed Platforms.ActiveCfg = Release|Any CPU
		{A22A101A-B419-4839-BF08-5453978DE6EE}.Release|Mixed Platforms.Build.0 = Release|Any CPU
		{A22A101A-B419-4839-BF08-5453978DE6EE}.Release|Win32.ActiveCfg = Release|Any CPU
		{A22A101A-B419-4839-BF08-5453978DE6EE}.Release|Win32.Build.0 = Release|Any CPU
	EndGlobalSection
	GlobalSection(SolutionProperties) = preSolution
		HideSolutionNode = FALSE
	EndGlobalSection
EndGlobal
