
Microsoft Visual Studio Solution File, Format Version 12.00
# Visual Studio 14
VisualStudioVersion = 14.0.25420.1
MinimumVisualStudioVersion = 10.0.40219.1
Project("{F2A71F9B-5D33-465A-A702-920D77279786}") = "Endorphin.Core", "src\Endorphin.Core\Endorphin.Core.fsproj", "{08959479-9989-4EA3-8516-E3A367DD1D22}"
EndProject
Project("{2150E333-8FDC-42A3-9474-1A3956D46DE8}") = "include", "include", "{F25D8F0D-3298-46CF-AD83-1187E7E48015}"
	ProjectSection(SolutionItems) = preProject
		src\Endorphin.Core.Byte.fs = src\Endorphin.Core.Byte.fs
		src\Endorphin.Core.Choice.fs = src\Endorphin.Core.Choice.fs
		src\Endorphin.Core.Collections.fs = src\Endorphin.Core.Collections.fs
		src\Endorphin.Core.Control.fs = src\Endorphin.Core.Control.fs
		src\Endorphin.Core.CRC.fs = src\Endorphin.Core.CRC.fs
		src\Endorphin.Core.Reactive.fs = src\Endorphin.Core.Reactive.fs
		src\Endorphin.Core.String.fs = src\Endorphin.Core.String.fs
	EndProjectSection
EndProject
Project("{2150E333-8FDC-42A3-9474-1A3956D46DE8}") = "project", "project", "{B8F11497-0E11-47D8-884A-65D39351F410}"
	ProjectSection(SolutionItems) = preProject
		build.fsx = build.fsx
		LICENSE.txt = LICENSE.txt
		paket.dependencies = paket.dependencies
		README.md = README.md
		RELEASE_NOTES.md = RELEASE_NOTES.md
	EndProjectSection
EndProject
Project("{2150E333-8FDC-42A3-9474-1A3956D46DE8}") = "docs", "docs", "{DC63FD57-8C46-4D7A-B0F7-4F73801DA7FD}"
	ProjectSection(SolutionItems) = preProject
		docs\content\index.fsx = docs\content\index.fsx
		docs\content\tutorial.fsx = docs\content\tutorial.fsx
	EndProjectSection
EndProject
Project("{F2A71F9B-5D33-465A-A702-920D77279786}") = "Endorphin.Core.NationalInstruments", "src\Endorphin.Core.NationalInstruments\Endorphin.Core.NationalInstruments.fsproj", "{B7713628-55A8-4730-BEE6-EA89111E701D}"
EndProject
Global
	GlobalSection(SolutionConfigurationPlatforms) = preSolution
		Debug|Any CPU = Debug|Any CPU
		Release|Any CPU = Release|Any CPU
	EndGlobalSection
	GlobalSection(ProjectConfigurationPlatforms) = postSolution
		{08959479-9989-4EA3-8516-E3A367DD1D22}.Debug|Any CPU.ActiveCfg = Debug|Any CPU
		{08959479-9989-4EA3-8516-E3A367DD1D22}.Debug|Any CPU.Build.0 = Debug|Any CPU
		{08959479-9989-4EA3-8516-E3A367DD1D22}.Release|Any CPU.ActiveCfg = Release|Any CPU
		{08959479-9989-4EA3-8516-E3A367DD1D22}.Release|Any CPU.Build.0 = Release|Any CPU
		{B7713628-55A8-4730-BEE6-EA89111E701D}.Debug|Any CPU.ActiveCfg = Debug|Any CPU
		{B7713628-55A8-4730-BEE6-EA89111E701D}.Debug|Any CPU.Build.0 = Debug|Any CPU
		{B7713628-55A8-4730-BEE6-EA89111E701D}.Release|Any CPU.ActiveCfg = Release|Any CPU
		{B7713628-55A8-4730-BEE6-EA89111E701D}.Release|Any CPU.Build.0 = Release|Any CPU
	EndGlobalSection
	GlobalSection(SolutionProperties) = preSolution
		HideSolutionNode = FALSE
	EndGlobalSection
EndGlobal
