
Microsoft Visual Studio Solution File, Format Version 12.00
# Visual Studio 14
VisualStudioVersion = 14.0.23107.0
MinimumVisualStudioVersion = 10.0.40219.1
Project("{F2A71F9B-5D33-465A-A702-920D77279786}") = "Endorphin.Instrument.PicoScope5000", "Endorphin.Instrument.PicoScope5000\Endorphin.Instrument.PicoScope5000.fsproj", "{B1B7A7F3-66B2-48E4-9F37-B1D2D9903904}"
EndProject
Project("{F2A71F9B-5D33-465A-A702-920D77279786}") = "Endorphin.Instrument.TwickenhamSmc", "Endorphin.Instrument.TwickenhamSmc\Endorphin.Instrument.TwickenhamSmc.fsproj", "{DF0B9412-54F1-44B6-ABA7-6D8CE5DB24C1}"
EndProject
Project("{F2A71F9B-5D33-465A-A702-920D77279786}") = "Endorphin.Core", "Endorphin.Core\Endorphin.Core.fsproj", "{B1887520-0F25-4FF4-958E-12B964DF20F9}"
EndProject
Project("{F2A71F9B-5D33-465A-A702-920D77279786}") = "Endorphin.Experiment", "Endorphin.Experiment\Endorphin.Experiment.fsproj", "{E41A01E4-EB6C-443F-B54C-E47A7D84FA11}"
EndProject
Project("{F2A71F9B-5D33-465A-A702-920D77279786}") = "Endorphin.Test", "Endorphin.Test\Endorphin.Test.fsproj", "{6A614A63-4F95-4382-A8D3-9E5F8E6327A9}"
EndProject
Project("{FAE04EC0-301F-11D3-BF4B-00C04F79EFBC}") = "Endorphin.HighFieldEpr", "Endorphin.HighFieldEpr\Endorphin.HighFieldEpr.csproj", "{B6E6643F-6463-40C1-A16E-FD63979B1753}"
EndProject
Project("{F2A71F9B-5D33-465A-A702-920D77279786}") = "Endorphin.Instrument.KeysightRfSource", "Endorphin.Instrument.KeysightRfSource\Endorphin.Instrument.KeysightRfSource.fsproj", "{AF4768C9-1581-4950-A053-2ECCD0A9E3A8}"
EndProject
Project("{F2A71F9B-5D33-465A-A702-920D77279786}") = "Endorphin.Test.Instrument.KeysightRfSource", "Endorphin.Test.Instrument.KeysightRfSource\Endorphin.Test.Instrument.KeysightRfSource.fsproj", "{5999528A-BD05-4D4E-A82B-A28BC4E88382}"
	ProjectSection(ProjectDependencies) = postProject
		{B1887520-0F25-4FF4-958E-12B964DF20F9} = {B1887520-0F25-4FF4-958E-12B964DF20F9}
		{AF4768C9-1581-4950-A053-2ECCD0A9E3A8} = {AF4768C9-1581-4950-A053-2ECCD0A9E3A8}
	EndProjectSection
EndProject
Project("{F2A71F9B-5D33-465A-A702-920D77279786}") = "VisaTimeoutTest", "VisaTimeoutTest\VisaTimeoutTest.fsproj", "{6A28880A-5C28-4812-88E8-1B66278024D4}"
EndProject
Project("{2150E333-8FDC-42A3-9474-1A3956D46DE8}") = "Solution Items", "Solution Items", "{F43E456E-DBEA-41B5-8230-D3B4F17AEE23}"
EndProject
Project("{F2A71F9B-5D33-465A-A702-920D77279786}") = "Endorphin.Instrument.LakeShoreTempController", "Endorphin.Instrument.LakeShoreTempController\Endorphin.Instrument.LakeShoreTempController.fsproj", "{958F39D3-7489-4B57-994B-9A4E861B0AA8}"
EndProject
Global
	GlobalSection(SolutionConfigurationPlatforms) = preSolution
		Debug|Any CPU = Debug|Any CPU
		Debug|Mixed Platforms = Debug|Mixed Platforms
		Debug|Win32 = Debug|Win32
		Release|Any CPU = Release|Any CPU
		Release|Mixed Platforms = Release|Mixed Platforms
		Release|Win32 = Release|Win32
	EndGlobalSection
	GlobalSection(ProjectConfigurationPlatforms) = postSolution
		{B1B7A7F3-66B2-48E4-9F37-B1D2D9903904}.Debug|Any CPU.ActiveCfg = Debug|Any CPU
		{B1B7A7F3-66B2-48E4-9F37-B1D2D9903904}.Debug|Any CPU.Build.0 = Debug|Any CPU
		{B1B7A7F3-66B2-48E4-9F37-B1D2D9903904}.Debug|Mixed Platforms.ActiveCfg = Debug|Any CPU
		{B1B7A7F3-66B2-48E4-9F37-B1D2D9903904}.Debug|Mixed Platforms.Build.0 = Debug|Any CPU
		{B1B7A7F3-66B2-48E4-9F37-B1D2D9903904}.Debug|Win32.ActiveCfg = Debug|Any CPU
		{B1B7A7F3-66B2-48E4-9F37-B1D2D9903904}.Release|Any CPU.ActiveCfg = Release|Any CPU
		{B1B7A7F3-66B2-48E4-9F37-B1D2D9903904}.Release|Any CPU.Build.0 = Release|Any CPU
		{B1B7A7F3-66B2-48E4-9F37-B1D2D9903904}.Release|Mixed Platforms.ActiveCfg = Release|Any CPU
		{B1B7A7F3-66B2-48E4-9F37-B1D2D9903904}.Release|Mixed Platforms.Build.0 = Release|Any CPU
		{B1B7A7F3-66B2-48E4-9F37-B1D2D9903904}.Release|Win32.ActiveCfg = Release|Any CPU
		{DF0B9412-54F1-44B6-ABA7-6D8CE5DB24C1}.Debug|Any CPU.ActiveCfg = Debug|Any CPU
		{DF0B9412-54F1-44B6-ABA7-6D8CE5DB24C1}.Debug|Any CPU.Build.0 = Debug|Any CPU
		{DF0B9412-54F1-44B6-ABA7-6D8CE5DB24C1}.Debug|Mixed Platforms.ActiveCfg = Debug|Any CPU
		{DF0B9412-54F1-44B6-ABA7-6D8CE5DB24C1}.Debug|Mixed Platforms.Build.0 = Debug|Any CPU
		{DF0B9412-54F1-44B6-ABA7-6D8CE5DB24C1}.Debug|Win32.ActiveCfg = Debug|Any CPU
		{DF0B9412-54F1-44B6-ABA7-6D8CE5DB24C1}.Release|Any CPU.ActiveCfg = Release|Any CPU
		{DF0B9412-54F1-44B6-ABA7-6D8CE5DB24C1}.Release|Any CPU.Build.0 = Release|Any CPU
		{DF0B9412-54F1-44B6-ABA7-6D8CE5DB24C1}.Release|Mixed Platforms.ActiveCfg = Release|Any CPU
		{DF0B9412-54F1-44B6-ABA7-6D8CE5DB24C1}.Release|Mixed Platforms.Build.0 = Release|Any CPU
		{DF0B9412-54F1-44B6-ABA7-6D8CE5DB24C1}.Release|Win32.ActiveCfg = Release|Any CPU
		{B1887520-0F25-4FF4-958E-12B964DF20F9}.Debug|Any CPU.ActiveCfg = Debug|Any CPU
		{B1887520-0F25-4FF4-958E-12B964DF20F9}.Debug|Any CPU.Build.0 = Debug|Any CPU
		{B1887520-0F25-4FF4-958E-12B964DF20F9}.Debug|Mixed Platforms.ActiveCfg = Debug|Any CPU
		{B1887520-0F25-4FF4-958E-12B964DF20F9}.Debug|Mixed Platforms.Build.0 = Debug|Any CPU
		{B1887520-0F25-4FF4-958E-12B964DF20F9}.Debug|Win32.ActiveCfg = Debug|Any CPU
		{B1887520-0F25-4FF4-958E-12B964DF20F9}.Release|Any CPU.ActiveCfg = Release|Any CPU
		{B1887520-0F25-4FF4-958E-12B964DF20F9}.Release|Any CPU.Build.0 = Release|Any CPU
		{B1887520-0F25-4FF4-958E-12B964DF20F9}.Release|Mixed Platforms.ActiveCfg = Release|Any CPU
		{B1887520-0F25-4FF4-958E-12B964DF20F9}.Release|Mixed Platforms.Build.0 = Release|Any CPU
		{B1887520-0F25-4FF4-958E-12B964DF20F9}.Release|Win32.ActiveCfg = Release|Any CPU
		{E41A01E4-EB6C-443F-B54C-E47A7D84FA11}.Debug|Any CPU.ActiveCfg = Debug|Any CPU
		{E41A01E4-EB6C-443F-B54C-E47A7D84FA11}.Debug|Any CPU.Build.0 = Debug|Any CPU
		{E41A01E4-EB6C-443F-B54C-E47A7D84FA11}.Debug|Mixed Platforms.ActiveCfg = Debug|Any CPU
		{E41A01E4-EB6C-443F-B54C-E47A7D84FA11}.Debug|Mixed Platforms.Build.0 = Debug|Any CPU
		{E41A01E4-EB6C-443F-B54C-E47A7D84FA11}.Debug|Win32.ActiveCfg = Debug|Any CPU
		{E41A01E4-EB6C-443F-B54C-E47A7D84FA11}.Release|Any CPU.ActiveCfg = Release|Any CPU
		{E41A01E4-EB6C-443F-B54C-E47A7D84FA11}.Release|Any CPU.Build.0 = Release|Any CPU
		{E41A01E4-EB6C-443F-B54C-E47A7D84FA11}.Release|Mixed Platforms.ActiveCfg = Release|Any CPU
		{E41A01E4-EB6C-443F-B54C-E47A7D84FA11}.Release|Mixed Platforms.Build.0 = Release|Any CPU
		{E41A01E4-EB6C-443F-B54C-E47A7D84FA11}.Release|Win32.ActiveCfg = Release|Any CPU
		{6A614A63-4F95-4382-A8D3-9E5F8E6327A9}.Debug|Any CPU.ActiveCfg = Debug|Any CPU
		{6A614A63-4F95-4382-A8D3-9E5F8E6327A9}.Debug|Any CPU.Build.0 = Debug|Any CPU
		{6A614A63-4F95-4382-A8D3-9E5F8E6327A9}.Debug|Mixed Platforms.ActiveCfg = Debug|Any CPU
		{6A614A63-4F95-4382-A8D3-9E5F8E6327A9}.Debug|Mixed Platforms.Build.0 = Debug|Any CPU
		{6A614A63-4F95-4382-A8D3-9E5F8E6327A9}.Debug|Win32.ActiveCfg = Debug|Any CPU
		{6A614A63-4F95-4382-A8D3-9E5F8E6327A9}.Release|Any CPU.ActiveCfg = Release|Any CPU
		{6A614A63-4F95-4382-A8D3-9E5F8E6327A9}.Release|Any CPU.Build.0 = Release|Any CPU
		{6A614A63-4F95-4382-A8D3-9E5F8E6327A9}.Release|Mixed Platforms.ActiveCfg = Release|Any CPU
		{6A614A63-4F95-4382-A8D3-9E5F8E6327A9}.Release|Mixed Platforms.Build.0 = Release|Any CPU
		{6A614A63-4F95-4382-A8D3-9E5F8E6327A9}.Release|Win32.ActiveCfg = Release|Any CPU
		{B6E6643F-6463-40C1-A16E-FD63979B1753}.Debug|Any CPU.ActiveCfg = Debug|Any CPU
		{B6E6643F-6463-40C1-A16E-FD63979B1753}.Debug|Any CPU.Build.0 = Debug|Any CPU
		{B6E6643F-6463-40C1-A16E-FD63979B1753}.Debug|Mixed Platforms.ActiveCfg = Debug|Any CPU
		{B6E6643F-6463-40C1-A16E-FD63979B1753}.Debug|Mixed Platforms.Build.0 = Debug|Any CPU
		{B6E6643F-6463-40C1-A16E-FD63979B1753}.Debug|Win32.ActiveCfg = Debug|Any CPU
		{B6E6643F-6463-40C1-A16E-FD63979B1753}.Release|Any CPU.ActiveCfg = Release|Any CPU
		{B6E6643F-6463-40C1-A16E-FD63979B1753}.Release|Any CPU.Build.0 = Release|Any CPU
		{B6E6643F-6463-40C1-A16E-FD63979B1753}.Release|Mixed Platforms.ActiveCfg = Release|Any CPU
		{B6E6643F-6463-40C1-A16E-FD63979B1753}.Release|Mixed Platforms.Build.0 = Release|Any CPU
		{B6E6643F-6463-40C1-A16E-FD63979B1753}.Release|Win32.ActiveCfg = Release|Any CPU
		{AF4768C9-1581-4950-A053-2ECCD0A9E3A8}.Debug|Any CPU.ActiveCfg = Debug|Any CPU
		{AF4768C9-1581-4950-A053-2ECCD0A9E3A8}.Debug|Any CPU.Build.0 = Debug|Any CPU
		{AF4768C9-1581-4950-A053-2ECCD0A9E3A8}.Debug|Mixed Platforms.ActiveCfg = Debug|Any CPU
		{AF4768C9-1581-4950-A053-2ECCD0A9E3A8}.Debug|Mixed Platforms.Build.0 = Debug|Any CPU
		{AF4768C9-1581-4950-A053-2ECCD0A9E3A8}.Debug|Win32.ActiveCfg = Debug|Any CPU
		{AF4768C9-1581-4950-A053-2ECCD0A9E3A8}.Release|Any CPU.ActiveCfg = Release|Any CPU
		{AF4768C9-1581-4950-A053-2ECCD0A9E3A8}.Release|Any CPU.Build.0 = Release|Any CPU
		{AF4768C9-1581-4950-A053-2ECCD0A9E3A8}.Release|Mixed Platforms.ActiveCfg = Release|Any CPU
		{AF4768C9-1581-4950-A053-2ECCD0A9E3A8}.Release|Mixed Platforms.Build.0 = Release|Any CPU
		{AF4768C9-1581-4950-A053-2ECCD0A9E3A8}.Release|Win32.ActiveCfg = Release|Any CPU
		{5999528A-BD05-4D4E-A82B-A28BC4E88382}.Debug|Any CPU.ActiveCfg = Debug|Any CPU
		{5999528A-BD05-4D4E-A82B-A28BC4E88382}.Debug|Any CPU.Build.0 = Debug|Any CPU
		{5999528A-BD05-4D4E-A82B-A28BC4E88382}.Debug|Mixed Platforms.ActiveCfg = Debug|Any CPU
		{5999528A-BD05-4D4E-A82B-A28BC4E88382}.Debug|Mixed Platforms.Build.0 = Debug|Any CPU
		{5999528A-BD05-4D4E-A82B-A28BC4E88382}.Debug|Win32.ActiveCfg = Debug|Any CPU
		{5999528A-BD05-4D4E-A82B-A28BC4E88382}.Release|Any CPU.ActiveCfg = Release|Any CPU
		{5999528A-BD05-4D4E-A82B-A28BC4E88382}.Release|Any CPU.Build.0 = Release|Any CPU
		{5999528A-BD05-4D4E-A82B-A28BC4E88382}.Release|Mixed Platforms.ActiveCfg = Release|Any CPU
		{5999528A-BD05-4D4E-A82B-A28BC4E88382}.Release|Mixed Platforms.Build.0 = Release|Any CPU
		{5999528A-BD05-4D4E-A82B-A28BC4E88382}.Release|Win32.ActiveCfg = Release|Any CPU
		{6A28880A-5C28-4812-88E8-1B66278024D4}.Debug|Any CPU.ActiveCfg = Debug|Any CPU
		{6A28880A-5C28-4812-88E8-1B66278024D4}.Debug|Any CPU.Build.0 = Debug|Any CPU
		{6A28880A-5C28-4812-88E8-1B66278024D4}.Debug|Mixed Platforms.ActiveCfg = Debug|Any CPU
		{6A28880A-5C28-4812-88E8-1B66278024D4}.Debug|Mixed Platforms.Build.0 = Debug|Any CPU
		{6A28880A-5C28-4812-88E8-1B66278024D4}.Debug|Win32.ActiveCfg = Debug|Any CPU
		{6A28880A-5C28-4812-88E8-1B66278024D4}.Release|Any CPU.ActiveCfg = Release|Any CPU
		{6A28880A-5C28-4812-88E8-1B66278024D4}.Release|Any CPU.Build.0 = Release|Any CPU
		{6A28880A-5C28-4812-88E8-1B66278024D4}.Release|Mixed Platforms.ActiveCfg = Release|Any CPU
		{6A28880A-5C28-4812-88E8-1B66278024D4}.Release|Mixed Platforms.Build.0 = Release|Any CPU
		{6A28880A-5C28-4812-88E8-1B66278024D4}.Release|Win32.ActiveCfg = Release|Any CPU
		{958F39D3-7489-4B57-994B-9A4E861B0AA8}.Debug|Any CPU.ActiveCfg = Debug|Any CPU
		{958F39D3-7489-4B57-994B-9A4E861B0AA8}.Debug|Any CPU.Build.0 = Debug|Any CPU
		{958F39D3-7489-4B57-994B-9A4E861B0AA8}.Debug|Mixed Platforms.ActiveCfg = Debug|Any CPU
		{958F39D3-7489-4B57-994B-9A4E861B0AA8}.Debug|Mixed Platforms.Build.0 = Debug|Any CPU
		{958F39D3-7489-4B57-994B-9A4E861B0AA8}.Debug|Win32.ActiveCfg = Debug|Any CPU
		{958F39D3-7489-4B57-994B-9A4E861B0AA8}.Debug|Win32.Build.0 = Debug|Any CPU
		{958F39D3-7489-4B57-994B-9A4E861B0AA8}.Release|Any CPU.ActiveCfg = Release|Any CPU
		{958F39D3-7489-4B57-994B-9A4E861B0AA8}.Release|Any CPU.Build.0 = Release|Any CPU
		{958F39D3-7489-4B57-994B-9A4E861B0AA8}.Release|Mixed Platforms.ActiveCfg = Release|Any CPU
		{958F39D3-7489-4B57-994B-9A4E861B0AA8}.Release|Mixed Platforms.Build.0 = Release|Any CPU
		{958F39D3-7489-4B57-994B-9A4E861B0AA8}.Release|Win32.ActiveCfg = Release|Any CPU
		{958F39D3-7489-4B57-994B-9A4E861B0AA8}.Release|Win32.Build.0 = Release|Any CPU
	EndGlobalSection
	GlobalSection(SolutionProperties) = preSolution
		HideSolutionNode = FALSE
	EndGlobalSection
EndGlobal
